
Microsoft Visual Studio Solution File, Format Version 12.00
# Visual Studio Version 17
VisualStudioVersion = 17.1.32328.378
MinimumVisualStudioVersion = 10.0.40219.1
Project("{FAE04EC0-301F-11D3-BF4B-00C04F79EFBC}") = "MathTools", "MathTools.csproj", "{C5ECA237-5968-422D-A675-CC85BE75C24D}"
EndProject
Global
	GlobalSection(SolutionConfigurationPlatforms) = preSolution
		Debug|Any CPU = Debug|Any CPU
		Release|Any CPU = Release|Any CPU
	EndGlobalSection
	GlobalSection(ProjectConfigurationPlatforms) = postSolution
		{C5ECA237-5968-422D-A675-CC85BE75C24D}.Debug|Any CPU.ActiveCfg = Debug|Any CPU
		{C5ECA237-5968-422D-A675-CC85BE75C24D}.Debug|Any CPU.Build.0 = Debug|Any CPU
		{C5ECA237-5968-422D-A675-CC85BE75C24D}.Release|Any CPU.ActiveCfg = Release|Any CPU
		{C5ECA237-5968-422D-A675-CC85BE75C24D}.Release|Any CPU.Build.0 = Release|Any CPU
	EndGlobalSection
	GlobalSection(SolutionProperties) = preSolution
		HideSolutionNode = FALSE
	EndGlobalSection
	GlobalSection(ExtensibilityGlobals) = postSolution
		SolutionGuid = {BDB167C4-9778-409B-9A46-C14A1386FD8B}
	EndGlobalSection
EndGlobal
